
Microsoft Visual Studio Solution File, Format Version 12.00
# Visual Studio Version 17
VisualStudioVersion = 17.14.36717.8
MinimumVisualStudioVersion = 10.0.40219.1
Project("{FAE04EC0-301F-11D3-BF4B-00C04F79EFBC}") = "Microservice.IdentityServer", "Microservice.IdentityServer\Microservice.IdentityServer.csproj", "{EF458F75-9293-4861-898F-1DBAF7445795}"
EndProject
Project("{FAE04EC0-301F-11D3-BF4B-00C04F79EFBC}") = "Microservice.Gateways", "Microservice.Gateways\Microservice.Gateways.csproj", "{BCAFF061-B186-4E58-945C-453881F8381E}"
EndProject
Project("{FAE04EC0-301F-11D3-BF4B-00C04F79EFBC}") = "SharedKernel", "SharedKernel\SharedKernel.csproj", "{49C9B3B6-A04A-4E73-8A6A-F314C474D8CF}"
EndProject
Project("{FAE04EC0-301F-11D3-BF4B-00C04F79EFBC}") = "ProductService", "ProductService\ProductService.csproj", "{26A2AE40-1318-4B69-A346-F67284F7E554}"
EndProject
Global
	GlobalSection(SolutionConfigurationPlatforms) = preSolution
		Debug|Any CPU = Debug|Any CPU
		Release|Any CPU = Release|Any CPU
	EndGlobalSection
	GlobalSection(ProjectConfigurationPlatforms) = postSolution
		{EF458F75-9293-4861-898F-1DBAF7445795}.Debug|Any CPU.ActiveCfg = Debug|Any CPU
		{EF458F75-9293-4861-898F-1DBAF7445795}.Debug|Any CPU.Build.0 = Debug|Any CPU
		{EF458F75-9293-4861-898F-1DBAF7445795}.Release|Any CPU.ActiveCfg = Release|Any CPU
		{EF458F75-9293-4861-898F-1DBAF7445795}.Release|Any CPU.Build.0 = Release|Any CPU
		{BCAFF061-B186-4E58-945C-453881F8381E}.Debug|Any CPU.ActiveCfg = Debug|Any CPU
		{BCAFF061-B186-4E58-945C-453881F8381E}.Debug|Any CPU.Build.0 = Debug|Any CPU
		{BCAFF061-B186-4E58-945C-453881F8381E}.Release|Any CPU.ActiveCfg = Release|Any CPU
		{BCAFF061-B186-4E58-945C-453881F8381E}.Release|Any CPU.Build.0 = Release|Any CPU
		{49C9B3B6-A04A-4E73-8A6A-F314C474D8CF}.Debug|Any CPU.ActiveCfg = Debug|Any CPU
		{49C9B3B6-A04A-4E73-8A6A-F314C474D8CF}.Debug|Any CPU.Build.0 = Debug|Any CPU
		{49C9B3B6-A04A-4E73-8A6A-F314C474D8CF}.Release|Any CPU.ActiveCfg = Release|Any CPU
		{49C9B3B6-A04A-4E73-8A6A-F314C474D8CF}.Release|Any CPU.Build.0 = Release|Any CPU
		{26A2AE40-1318-4B69-A346-F67284F7E554}.Debug|Any CPU.ActiveCfg = Debug|Any CPU
		{26A2AE40-1318-4B69-A346-F67284F7E554}.Debug|Any CPU.Build.0 = Debug|Any CPU
		{26A2AE40-1318-4B69-A346-F67284F7E554}.Release|Any CPU.ActiveCfg = Release|Any CPU
		{26A2AE40-1318-4B69-A346-F67284F7E554}.Release|Any CPU.Build.0 = Release|Any CPU
	EndGlobalSection
	GlobalSection(SolutionProperties) = preSolution
		HideSolutionNode = FALSE
	EndGlobalSection
	GlobalSection(ExtensibilityGlobals) = postSolution
		SolutionGuid = {E2BC6193-79A3-4CBB-9DE5-100DD33DDEC1}
	EndGlobalSection
EndGlobal
